
Microsoft Visual Studio Solution File, Format Version 12.00
# Visual Studio Version 16
VisualStudioVersion = 16.0.29728.190
MinimumVisualStudioVersion = 10.0.40219.1
Project("{9A19103F-16F7-4668-BE54-9A1E7A4F7556}") = "SmartB.Core", "SmartB.Core\SmartB.Core.csproj", "{34BEE215-4EE2-4328-8508-E84C9EBB3002}"
EndProject
Project("{FAE04EC0-301F-11D3-BF4B-00C04F79EFBC}") = "SmartB.Mobile.Android", "SmartB.Mobile.Android\SmartB.Mobile.Android.csproj", "{3231B81C-C626-4ECC-B8CE-38BAF5658B86}"
EndProject
Global
	GlobalSection(SolutionConfigurationPlatforms) = preSolution
		Debug|Any CPU = Debug|Any CPU
		Release|Any CPU = Release|Any CPU
	EndGlobalSection
	GlobalSection(ProjectConfigurationPlatforms) = postSolution
		{34BEE215-4EE2-4328-8508-E84C9EBB3002}.Debug|Any CPU.ActiveCfg = Debug|Any CPU
		{34BEE215-4EE2-4328-8508-E84C9EBB3002}.Debug|Any CPU.Build.0 = Debug|Any CPU
		{34BEE215-4EE2-4328-8508-E84C9EBB3002}.Release|Any CPU.ActiveCfg = Release|Any CPU
		{34BEE215-4EE2-4328-8508-E84C9EBB3002}.Release|Any CPU.Build.0 = Release|Any CPU
		{3231B81C-C626-4ECC-B8CE-38BAF5658B86}.Debug|Any CPU.ActiveCfg = Debug|Any CPU
		{3231B81C-C626-4ECC-B8CE-38BAF5658B86}.Debug|Any CPU.Build.0 = Debug|Any CPU
		{3231B81C-C626-4ECC-B8CE-38BAF5658B86}.Debug|Any CPU.Deploy.0 = Debug|Any CPU
		{3231B81C-C626-4ECC-B8CE-38BAF5658B86}.Release|Any CPU.ActiveCfg = Release|Any CPU
		{3231B81C-C626-4ECC-B8CE-38BAF5658B86}.Release|Any CPU.Build.0 = Release|Any CPU
		{3231B81C-C626-4ECC-B8CE-38BAF5658B86}.Release|Any CPU.Deploy.0 = Release|Any CPU
	EndGlobalSection
	GlobalSection(SolutionProperties) = preSolution
		HideSolutionNode = FALSE
	EndGlobalSection
	GlobalSection(ExtensibilityGlobals) = postSolution
		SolutionGuid = {95A81EAD-950D-48E8-A99F-34C232C89D1D}
	EndGlobalSection
EndGlobal
